
Microsoft Visual Studio Solution File, Format Version 12.00
# Visual Studio 15
VisualStudioVersion = 15.0.27428.2005
MinimumVisualStudioVersion = 10.0.40219.1
Project("{FAE04EC0-301F-11D3-BF4B-00C04F79EFBC}") = "MyWebpage", "MyWebpage\MyWebpage.csproj", "{FEE6B86C-A180-498B-8441-F36F98640747}"
EndProject
Project("{D954291E-2A0B-460D-934E-DC6B0785DB48}") = "SharedProject1", "SharedProject1\SharedProject1.shproj", "{E36C43B0-4767-473E-83A9-BE1243385FA3}"
EndProject
Global
	GlobalSection(SharedMSBuildProjectFiles) = preSolution
		SharedProject1\SharedProject1.projitems*{e36c43b0-4767-473e-83a9-be1243385fa3}*SharedItemsImports = 13
	EndGlobalSection
	GlobalSection(SolutionConfigurationPlatforms) = preSolution
		Debug|Any CPU = Debug|Any CPU
		Release|Any CPU = Release|Any CPU
	EndGlobalSection
	GlobalSection(ProjectConfigurationPlatforms) = postSolution
		{FEE6B86C-A180-498B-8441-F36F98640747}.Debug|Any CPU.ActiveCfg = Debug|Any CPU
		{FEE6B86C-A180-498B-8441-F36F98640747}.Debug|Any CPU.Build.0 = Debug|Any CPU
		{FEE6B86C-A180-498B-8441-F36F98640747}.Release|Any CPU.ActiveCfg = Release|Any CPU
		{FEE6B86C-A180-498B-8441-F36F98640747}.Release|Any CPU.Build.0 = Release|Any CPU
	EndGlobalSection
	GlobalSection(SolutionProperties) = preSolution
		HideSolutionNode = FALSE
	EndGlobalSection
	GlobalSection(ExtensibilityGlobals) = postSolution
		SolutionGuid = {73C1C281-AB12-4BF6-BF0F-D400D3E55E38}
	EndGlobalSection
EndGlobal
